schema: '2.0'
stages:
  split_dataset:
    cmd: python ./src/split_dataset.py
    deps:
    - path: ./data/in-header.tsv
      md5: 008cca9046bc8d74c8215a2883aa476d
      size: 7
    - path: ./data/out-header.tsv
      md5: 757889307369887028c89db5646b73de
      size: 7
    - path: ./data/parsed-pdfs.json
      md5: f57356c5feba6526f5a0e12cd2c5becf
      size: 1513810345
    - path: ./src/DatasetSplitter/DatasetSplitter.py
      md5: 4fbd8efb8d2c18b9e9dc86939c0d8240
      size: 2184
    - path: ./src/split_dataset.py
      md5: c15fb6fd6bfcb9605a9b6c79924693b0
      size: 2311
    params:
      params.yaml:
        datasetsplit.dev: 0.1
        datasetsplit.test: 0.2
        datasetsplit.train: 0.7
    outs:
    - path: ./data/dev/expected.tsv
      md5: 45226845b4845e16c5758f0c151f462f
      size: 61357
    - path: ./data/dev/in.tsv
      md5: 5c9acd0a187aa1bf5ef5fcd490dd4b43
      size: 159785191
    - path: ./data/test/expected.tsv
      md5: cb75d32d6544ae99d98b2c646f9a6938
      size: 131720
    - path: ./data/test/in.tsv
      md5: 8f0d895d8e4e8fd1e377bb32d6a9040e
      size: 293087469
    - path: ./data/train/expected.tsv
      md5: 51232e7377aec10f9c4ae2e8764d0b9a
      size: 457419
    - path: ./data/train/in.tsv
      md5: 0006a436a379b7723be9c14125d9b9a6
      size: 1016829834
