schema: '2.0'
stages:
  split_dataset:
    cmd: python ./src/split_dataset.py
    deps:
    - path: ./data/in-header.tsv
      md5: 008cca9046bc8d74c8215a2883aa476d
      size: 7
    - path: ./data/out-header.tsv
      md5: 757889307369887028c89db5646b73de
      size: 7
    - path: ./data/parsed-pdfs.json
      md5: f57356c5feba6526f5a0e12cd2c5becf
      size: 1513810345
    - path: ./src/DatasetSplitter/DatasetSplitter.py
      md5: 4fbd8efb8d2c18b9e9dc86939c0d8240
      size: 2184
    - path: ./src/split_dataset.py
      md5: fb3c92dcb2a9865336a8e9c002647435
      size: 3646
    params:
      params.yaml:
        datasetsplit.dev: 0.1
        datasetsplit.test: 0.2
        datasetsplit.train: 0.7
    outs:
    - path: ./data/dev/expected.tsv
      md5: 5391538123caa438255b9bc85320a1ba
      size: 61303
      isexec: true
    - path: ./data/dev/in.tsv
      md5: 0b412ccb9d699a7c3c7cafcccb49b2d1
      size: 159742659
      isexec: true
    - path: ./data/test/expected.tsv
      md5: 5aa2eb7467c1ff713ab14f7d1ef5646c
      size: 131694
      isexec: true
    - path: ./data/test/in.tsv
      md5: 122cbc0ca7f3348b57681e444943a338
      size: 293002155
      isexec: true
    - path: ./data/train/expected.tsv
      md5: 091810eb6381bcdecd098ac8e1d7e27b
      size: 457301
      isexec: true
    - path: ./data/train/in.tsv
      md5: 85fc4cb5761062504e5412ebb7b02803
      size: 1016531152
      isexec: true
